
Microsoft Visual Studio Solution File, Format Version 12.00
# Visual Studio 15
VisualStudioVersion = 15.0.28107.0
MinimumVisualStudioVersion = 10.0.40219.1
Project("{FAE04EC0-301F-11D3-BF4B-00C04F79EFBC}") = "demoLSP", "demoLSP\demoLSP.csproj", "{35348E83-E6AC-4EF9-82B4-AA87E8EACA8C}"
EndProject
Project("{FAE04EC0-301F-11D3-BF4B-00C04F79EFBC}") = "demoLSPServerUI", "demoLSPServerUI\demoLSPServerUI.csproj", "{C26ECC19-64B6-4F82-9898-66E85CC64D55}"
EndProject
Global
	GlobalSection(SolutionConfigurationPlatforms) = preSolution
		Debug|Any CPU = Debug|Any CPU
		Release|Any CPU = Release|Any CPU
	EndGlobalSection
	GlobalSection(ProjectConfigurationPlatforms) = postSolution
		{35348E83-E6AC-4EF9-82B4-AA87E8EACA8C}.Debug|Any CPU.ActiveCfg = Debug|Any CPU
		{35348E83-E6AC-4EF9-82B4-AA87E8EACA8C}.Debug|Any CPU.Build.0 = Debug|Any CPU
		{35348E83-E6AC-4EF9-82B4-AA87E8EACA8C}.Release|Any CPU.ActiveCfg = Release|Any CPU
		{35348E83-E6AC-4EF9-82B4-AA87E8EACA8C}.Release|Any CPU.Build.0 = Release|Any CPU
		{C26ECC19-64B6-4F82-9898-66E85CC64D55}.Debug|Any CPU.ActiveCfg = Debug|Any CPU
		{C26ECC19-64B6-4F82-9898-66E85CC64D55}.Debug|Any CPU.Build.0 = Debug|Any CPU
		{C26ECC19-64B6-4F82-9898-66E85CC64D55}.Release|Any CPU.ActiveCfg = Release|Any CPU
		{C26ECC19-64B6-4F82-9898-66E85CC64D55}.Release|Any CPU.Build.0 = Release|Any CPU
	EndGlobalSection
	GlobalSection(SolutionProperties) = preSolution
		HideSolutionNode = FALSE
	EndGlobalSection
	GlobalSection(ExtensibilityGlobals) = postSolution
		SolutionGuid = {6E9A73BD-7A85-4C2B-8423-189B62DB8890}
	EndGlobalSection
EndGlobal
